
Microsoft Visual Studio Solution File, Format Version 12.00
# Visual Studio Version 17
VisualStudioVersion = 17.10.34916.146
MinimumVisualStudioVersion = 10.0.40219.1
Project("{FAE04EC0-301F-11D3-BF4B-00C04F79EFBC}") = "PAMNotes", "PAMNotes\PAMNotes.csproj", "{F153EAC0-6D1B-4A2A-ACE8-E559B6180121}"
EndProject
Global
	GlobalSection(SolutionConfigurationPlatforms) = preSolution
		Debug|Any CPU = Debug|Any CPU
		Release|Any CPU = Release|Any CPU
	EndGlobalSection
	GlobalSection(ProjectConfigurationPlatforms) = postSolution
		{F153EAC0-6D1B-4A2A-ACE8-E559B6180121}.Debug|Any CPU.ActiveCfg = Debug|Any CPU
		{F153EAC0-6D1B-4A2A-ACE8-E559B6180121}.Debug|Any CPU.Build.0 = Debug|Any CPU
		{F153EAC0-6D1B-4A2A-ACE8-E559B6180121}.Debug|Any CPU.Deploy.0 = Debug|Any CPU
		{F153EAC0-6D1B-4A2A-ACE8-E559B6180121}.Release|Any CPU.ActiveCfg = Release|Any CPU
		{F153EAC0-6D1B-4A2A-ACE8-E559B6180121}.Release|Any CPU.Build.0 = Release|Any CPU
		{F153EAC0-6D1B-4A2A-ACE8-E559B6180121}.Release|Any CPU.Deploy.0 = Release|Any CPU
	EndGlobalSection
	GlobalSection(SolutionProperties) = preSolution
		HideSolutionNode = FALSE
	EndGlobalSection
	GlobalSection(ExtensibilityGlobals) = postSolution
		SolutionGuid = {EC7F5CFC-D51E-457E-B01B-A0C95866A82E}
	EndGlobalSection
EndGlobal
